{
  "originHash" : "e93ebf14ba56eec71106f477a2c53d6e111175eb3c123c43dc453c766366075d",
  "pins" : [
    {
      "identity" : "audiokit",
      "kind" : "remoteSourceControl",
      "location" : "https://github.com/AudioKit/AudioKit",
      "state" : {
        "revision" : "2ebd422855e4645d3169f83d1765d1c8196b4f46",
        "version" : "5.6.4"
      }
    },
    {
      "identity" : "audiokitex",
      "kind" : "remoteSourceControl",
      "location" : "https://github.com/AudioKit/AudioKitEX",
      "state" : {
        "revision" : "58fa4a002028a2addf96466dd5ad68182e7d387e",
        "version" : "5.6.0"
      }
    },
    {
      "identity" : "onnxruntime-swift-package-manager",
      "kind" : "remoteSourceControl",
      "location" : "https://github.com/microsoft/onnxruntime-swift-package-manager",
      "state" : {
        "branch" : "main",
        "revision" : "6493bb55b6e0408e0a312a9b995bbc474785d1b9"
      }
    }
  ],
  "version" : 3
}
